// !$*UTF8*$!
{
	archiveVersion = 1;
	classes = {
	};
	objectVersion = 48;
	objects = {

/* Begin PBXBuildFile section */
		E1468BDD1FC818EE00EAF8F9 /* DetailViewController.swift in Sources */ = {isa = PBXBuildFile; fileRef = E1468BDC1FC818EE00EAF8F9 /* DetailViewController.swift */; };
		E1468BDF1FC82B0C00EAF8F9 /* PosterCell.swift in Sources */ = {isa = PBXBuildFile; fileRef = E1468BDE1FC82B0C00EAF8F9 /* PosterCell.swift */; };
		E1468BE11FC82B4200EAF8F9 /* SuperheroViewController.swift in Sources */ = {isa = PBXBuildFile; fileRef = E1468BE01FC82B4200EAF8F9 /* SuperheroViewController.swift */; };
		E172D64E1FBF9CFB0029B044 /* AppDelegate.swift in Sources */ = {isa = PBXBuildFile; fileRef = E172D64D1FBF9CFB0029B044 /* AppDelegate.swift */; };
		E172D6531FBF9CFB0029B044 /* Main.storyboard in Resources */ = {isa = PBXBuildFile; fileRef = E172D6511FBF9CFB0029B044 /* Main.storyboard */; };
		E172D6551FBF9CFB0029B044 /* Assets.xcassets in Resources */ = {isa = PBXBuildFile; fileRef = E172D6541FBF9CFB0029B044 /* Assets.xcassets */; };
		E172D6581FBF9CFB0029B044 /* LaunchScreen.storyboard in Resources */ = {isa = PBXBuildFile; fileRef = E172D6561FBF9CFB0029B044 /* LaunchScreen.storyboard */; };
		E172D6601FBFE2750029B044 /* NowPlayingViewController.swift in Sources */ = {isa = PBXBuildFile; fileRef = E172D65F1FBFE2750029B044 /* NowPlayingViewController.swift */; };
		E172D6621FBFEDC50029B044 /* MovieCell.swift in Sources */ = {isa = PBXBuildFile; fileRef = E172D6611FBFEDC50029B044 /* MovieCell.swift */; };
		E1852D311FF7D1830084740D /* MoviesApiManager.swift in Sources */ = {isa = PBXBuildFile; fileRef = E1852D301FF7D1830084740D /* MoviesApiManager.swift */; };
		E1B6925F1FF7C1BD0093770E /* Movie.swift in Sources */ = {isa = PBXBuildFile; fileRef = E1B6925E1FF7C1BD0093770E /* Movie.swift */; };
		F34070A84DBE8071A0C9D060 /* Pods_Flix.framework in Frameworks */ = {isa = PBXBuildFile; fileRef = E8AF4B11D2DA528DB1438553 /* Pods_Flix.framework */; };
/* End PBXBuildFile section */

/* Begin PBXFileReference section */
		79C6AF335A886C6980EA2ECB /* Pods-Flix.debug.xcconfig */ = {isa = PBXFileReference; includeInIndex = 1; lastKnownFileType = text.xcconfig; name = "Pods-Flix.debug.xcconfig"; path = "Pods/Target Support Files/Pods-Flix/Pods-Flix.debug.xcconfig"; sourceTree = "<group>"; };
		9CB83EA968F18BB7F66F34F8 /* Pods-Flix.release.xcconfig */ = {isa = PBXFileReference; includeInIndex = 1; lastKnownFileType = text.xcconfig; name = "Pods-Flix.release.xcconfig"; path = "Pods/Target Support Files/Pods-Flix/Pods-Flix.release.xcconfig"; sourceTree = "<group>"; };
		E1468BDC1FC818EE00EAF8F9 /* DetailViewController.swift */ = {isa = PBXFileReference; lastKnownFileType = sourcecode.swift; path = DetailViewController.swift; sourceTree = "<group>"; };
		E1468BDE1FC82B0C00EAF8F9 /* PosterCell.swift */ = {isa = PBXFileReference; lastKnownFileType = sourcecode.swift; path = PosterCell.swift; sourceTree = "<group>"; };
		E1468BE01FC82B4200EAF8F9 /* SuperheroViewController.swift */ = {isa = PBXFileReference; lastKnownFileType = sourcecode.swift; path = SuperheroViewController.swift; sourceTree = "<group>"; };
		E172D64A1FBF9CFB0029B044 /* Flix.app */ = {isa = PBXFileReference; explicitFileType = wrapper.application; includeInIndex = 0; path = Flix.app; sourceTree = BUILT_PRODUCTS_DIR; };
		E172D64D1FBF9CFB0029B044 /* AppDelegate.swift */ = {isa = PBXFileReference; lastKnownFileType = sourcecode.swift; path = AppDelegate.swift; sourceTree = "<group>"; };
		E172D6521FBF9CFB0029B044 /* Base */ = {isa = PBXFileReference; lastKnownFileType = file.storyboard; name = Base; path = Base.lproj/Main.storyboard; sourceTree = "<group>"; };
		E172D6541FBF9CFB0029B044 /* Assets.xcassets */ = {isa = PBXFileReference; lastKnownFileType = folder.assetcatalog; path = Assets.xcassets; sourceTree = "<group>"; };
		E172D6571FBF9CFB0029B044 /* Base */ = {isa = PBXFileReference; lastKnownFileType = file.storyboard; name = Base; path = Base.lproj/LaunchScreen.storyboard; sourceTree = "<group>"; };
		E172D6591FBF9CFB0029B044 /* Info.plist */ = {isa = PBXFileReference; lastKnownFileType = text.plist.xml; path = Info.plist; sourceTree = "<group>"; };
		E172D65F1FBFE2750029B044 /* NowPlayingViewController.swift */ = {isa = PBXFileReference; lastKnownFileType = sourcecode.swift; path = NowPlayingViewController.swift; sourceTree = "<group>"; };
		E172D6611FBFEDC50029B044 /* MovieCell.swift */ = {isa = PBXFileReference; lastKnownFileType = sourcecode.swift; path = MovieCell.swift; sourceTree = "<group>"; };
		E1852D301FF7D1830084740D /* MoviesApiManager.swift */ = {isa = PBXFileReference; lastKnownFileType = sourcecode.swift; path = MoviesApiManager.swift; sourceTree = "<group>"; };
		E1B6925E1FF7C1BD0093770E /* Movie.swift */ = {isa = PBXFileReference; lastKnownFileType = sourcecode.swift; path = Movie.swift; sourceTree = "<group>"; };
		E8AF4B11D2DA528DB1438553 /* Pods_Flix.framework */ = {isa = PBXFileReference; explicitFileType = wrapper.framework; includeInIndex = 0; path = Pods_Flix.framework; sourceTree = BUILT_PRODUCTS_DIR; };
/* End PBXFileReference section */

/* Begin PBXFrameworksBuildPhase section */
		E172D6471FBF9CFB0029B044 /* Frameworks */ = {
			isa = PBXFrameworksBuildPhase;
			buildActionMask = 2147483647;
			files = (
				F34070A84DBE8071A0C9D060 /* Pods_Flix.framework in Frameworks */,
			);
			runOnlyForDeploymentPostprocessing = 0;
		};
/* End PBXFrameworksBuildPhase section */

/* Begin PBXGroup section */
		041D79D9E33588A622DAC5B9 /* Frameworks */ = {
			isa = PBXGroup;
			children = (
				E8AF4B11D2DA528DB1438553 /* Pods_Flix.framework */,
			);
			name = Frameworks;
			sourceTree = "<group>";
		};
		D5C3B31006A31DA7C558CCAD /* Pods */ = {
			isa = PBXGroup;
			children = (
				79C6AF335A886C6980EA2ECB /* Pods-Flix.debug.xcconfig */,
				9CB83EA968F18BB7F66F34F8 /* Pods-Flix.release.xcconfig */,
			);
			name = Pods;
			sourceTree = "<group>";
		};
		E1468BDB1FC818AE00EAF8F9 /* ViewControllers */ = {
			isa = PBXGroup;
			children = (
				E172D65F1FBFE2750029B044 /* NowPlayingViewController.swift */,
				E1468BE01FC82B4200EAF8F9 /* SuperheroViewController.swift */,
				E1468BDC1FC818EE00EAF8F9 /* DetailViewController.swift */,
			);
			path = ViewControllers;
			sourceTree = "<group>";
		};
		E172D6411FBF9CFB0029B044 = {
			isa = PBXGroup;
			children = (
				E172D64C1FBF9CFB0029B044 /* Flix */,
				E172D64B1FBF9CFB0029B044 /* Products */,
				D5C3B31006A31DA7C558CCAD /* Pods */,
				041D79D9E33588A622DAC5B9 /* Frameworks */,
			);
			sourceTree = "<group>";
		};
		E172D64B1FBF9CFB0029B044 /* Products */ = {
			isa = PBXGroup;
			children = (
				E172D64A1FBF9CFB0029B044 /* Flix.app */,
			);
			name = Products;
			sourceTree = "<group>";
		};
		E172D64C1FBF9CFB0029B044 /* Flix */ = {
			isa = PBXGroup;
			children = (
				E172D64D1FBF9CFB0029B044 /* AppDelegate.swift */,
				E1468BDB1FC818AE00EAF8F9 /* ViewControllers */,
				E172D6611FBFEDC50029B044 /* MovieCell.swift */,
				E1468BDE1FC82B0C00EAF8F9 /* PosterCell.swift */,
				E172D6511FBF9CFB0029B044 /* Main.storyboard */,
				E1B6925E1FF7C1BD0093770E /* Movie.swift */,
				E1852D301FF7D1830084740D /* MoviesApiManager.swift */,
				E172D6541FBF9CFB0029B044 /* Assets.xcassets */,
				E172D6561FBF9CFB0029B044 /* LaunchScreen.storyboard */,
				E172D6591FBF9CFB0029B044 /* Info.plist */,
			);
			path = Flix;
			sourceTree = "<group>";
		};
/* End PBXGroup section */

/* Begin PBXNativeTarget section */
		E172D6491FBF9CFB0029B044 /* Flix */ = {
			isa = PBXNativeTarget;
			buildConfigurationList = E172D65C1FBF9CFB0029B044 /* Build configuration list for PBXNativeTarget "Flix" */;
			buildPhases = (
				5ABD08A8D35C4BE8933BAD01 /* [CP] Check Pods Manifest.lock */,
				E172D6461FBF9CFB0029B044 /* Sources */,
				E172D6471FBF9CFB0029B044 /* Frameworks */,
				E172D6481FBF9CFB0029B044 /* Resources */,
				8D7DE29180F4F799A07A2022 /* [CP] Embed Pods Frameworks */,
				58BF15AD70F61C33461DCE0A /* [CP] Copy Pods Resources */,
			);
			buildRules = (
			);
			dependencies = (
			);
			name = Flix;
			productName = Flix;
			productReference = E172D64A1FBF9CFB0029B044 /* Flix.app */;
			productType = "com.apple.product-type.application";
		};
/* End PBXNativeTarget section */

/* Begin PBXProject section */
		E172D6421FBF9CFB0029B044 /* Project object */ = {
			isa = PBXProject;
			attributes = {
				LastSwiftUpdateCheck = 0900;
				LastUpgradeCheck = 0900;
				ORGANIZATIONNAME = "Avinash Singh";
				TargetAttributes = {
					E172D6491FBF9CFB0029B044 = {
						CreatedOnToolsVersion = 9.0;
						ProvisioningStyle = Automatic;
					};
				};
			};
			buildConfigurationList = E172D6451FBF9CFB0029B044 /* Build configuration list for PBXProject "Flix" */;
			compatibilityVersion = "Xcode 8.0";
			developmentRegion = en;
			hasScannedForEncodings = 0;
			knownRegions = (
				en,
				Base,
			);
			mainGroup = E172D6411FBF9CFB0029B044;
			productRefGroup = E172D64B1FBF9CFB0029B044 /* Products */;
			projectDirPath = "";
			projectRoot = "";
			targets = (
				E172D6491FBF9CFB0029B044 /* Flix */,
			);
		};
/* End PBXProject section */

/* Begin PBXResourcesBuildPhase section */
		E172D6481FBF9CFB0029B044 /* Resources */ = {
			isa = PBXResourcesBuildPhase;
			buildActionMask = 2147483647;
			files = (
				E172D6581FBF9CFB0029B044 /* LaunchScreen.storyboard in Resources */,
				E172D6551FBF9CFB0029B044 /* Assets.xcassets in Resources */,
				E172D6531FBF9CFB0029B044 /* Main.storyboard in Resources */,
			);
			runOnlyForDeploymentPostprocessing = 0;
		};
/* End PBXResourcesBuildPhase section */

/* Begin PBXShellScriptBuildPhase section */
		58BF15AD70F61C33461DCE0A /* [CP] Copy Pods Resources */ = {
			isa = PBXShellScriptBuildPhase;
			buildActionMask = 2147483647;
			files = (
			);
			inputPaths = (
			);
			name = "[CP] Copy Pods Resources";
			outputPaths = (
			);
			runOnlyForDeploymentPostprocessing = 0;
			shellPath = /bin/sh;
			shellScript = "\"${SRCROOT}/Pods/Target Support Files/Pods-Flix/Pods-Flix-resources.sh\"\n";
			showEnvVarsInLog = 0;
		};
		5ABD08A8D35C4BE8933BAD01 /* [CP] Check Pods Manifest.lock */ = {
			isa = PBXShellScriptBuildPhase;
			buildActionMask = 2147483647;
			files = (
			);
			inputPaths = (
			);
			name = "[CP] Check Pods Manifest.lock";
			outputPaths = (
			);
			runOnlyForDeploymentPostprocessing = 0;
			shellPath = /bin/sh;
			shellScript = "diff \"${PODS_ROOT}/../Podfile.lock\" \"${PODS_ROOT}/Manifest.lock\" > /dev/null\nif [ $? != 0 ] ; then\n    # print error to STDERR\n    echo \"error: The sandbox is not in sync with the Podfile.lock. Run 'pod install' or update your CocoaPods installation.\" >&2\n    exit 1\nfi\n";
			showEnvVarsInLog = 0;
		};
		8D7DE29180F4F799A07A2022 /* [CP] Embed Pods Frameworks */ = {
			isa = PBXShellScriptBuildPhase;
			buildActionMask = 2147483647;
			files = (
			);
			inputPaths = (
			);
			name = "[CP] Embed Pods Frameworks";
			outputPaths = (
			);
			runOnlyForDeploymentPostprocessing = 0;
			shellPath = /bin/sh;
			shellScript = "\"${SRCROOT}/Pods/Target Support Files/Pods-Flix/Pods-Flix-frameworks.sh\"\n";
			showEnvVarsInLog = 0;
		};
/* End PBXShellScriptBuildPhase section */

/* Begin PBXSourcesBuildPhase section */
		E172D6461FBF9CFB0029B044 /* Sources */ = {
			isa = PBXSourcesBuildPhase;
			buildActionMask = 2147483647;
			files = (
				E1B6925F1FF7C1BD0093770E /* Movie.swift in Sources */,
				E1852D311FF7D1830084740D /* MoviesApiManager.swift in Sources */,
				E172D6601FBFE2750029B044 /* NowPlayingViewController.swift in Sources */,
				E1468BDF1FC82B0C00EAF8F9 /* PosterCell.swift in Sources */,
				E1468BE11FC82B4200EAF8F9 /* SuperheroViewController.swift in Sources */,
				E172D64E1FBF9CFB0029B044 /* AppDelegate.swift in Sources */,
				E172D6621FBFEDC50029B044 /* MovieCell.swift in Sources */,
				E1468BDD1FC818EE00EAF8F9 /* DetailViewController.swift in Sources */,
			);
			runOnlyForDeploymentPostprocessing = 0;
		};
/* End PBXSourcesBuildPhase section */

/* Begin PBXVariantGroup section */
		E172D6511FBF9CFB0029B044 /* Main.storyboard */ = {
			isa = PBXVariantGroup;
			children = (
				E172D6521FBF9CFB0029B044 /* Base */,
			);
			name = Main.storyboard;
			sourceTree = "<group>";
		};
		E172D6561FBF9CFB0029B044 /* LaunchScreen.storyboard */ = {
			isa = PBXVariantGroup;
			children = (
				E172D6571FBF9CFB0029B044 /* Base */,
			);
			name = LaunchScreen.storyboard;
			sourceTree = "<group>";
		};
/* End PBXVariantGroup section */

/* Begin XCBuildConfiguration section */
		E172D65A1FBF9CFB0029B044 /* Debug */ = {
			isa = XCBuildConfiguration;
			buildSettings = {
				ALWAYS_SEARCH_USER_PATHS = NO;
				CLANG_ANALYZER_NONNULL = YES;
				CLANG_ANALYZER_NUMBER_OBJECT_CONVERSION = YES_AGGRESSIVE;
				CLANG_CXX_LANGUAGE_STANDARD = "gnu++14";
				CLANG_CXX_LIBRARY = "libc++";
				CLANG_ENABLE_MODULES = YES;
				CLANG_ENABLE_OBJC_ARC = YES;
				CLANG_WARN_BLOCK_CAPTURE_AUTORELEASING = YES;
				CLANG_WARN_BOOL_CONVERSION = YES;
				CLANG_WARN_COMMA = YES;
				CLANG_WARN_CONSTANT_CONVERSION = YES;
				CLANG_WARN_DIRECT_OBJC_ISA_USAGE = YES_ERROR;
				CLANG_WARN_DOCUMENTATION_COMMENTS = YES;
				CLANG_WARN_EMPTY_BODY = YES;
				CLANG_WARN_ENUM_CONVERSION = YES;
				CLANG_WARN_INFINITE_RECURSION = YES;
				CLANG_WARN_INT_CONVERSION = YES;
				CLANG_WARN_NON_LITERAL_NULL_CONVERSION = YES;
				CLANG_WARN_OBJC_LITERAL_CONVERSION = YES;
				CLANG_WARN_OBJC_ROOT_CLASS = YES_ERROR;
				CLANG_WARN_RANGE_LOOP_ANALYSIS = YES;
				CLANG_WARN_STRICT_PROTOTYPES = YES;
				CLANG_WARN_SUSPICIOUS_MOVE = YES;
				CLANG_WARN_UNGUARDED_AVAILABILITY = YES_AGGRESSIVE;
				CLANG_WARN_UNREACHABLE_CODE = YES;
				CLANG_WARN__DUPLICATE_METHOD_MATCH = YES;
				CODE_SIGN_IDENTITY = "iPhone Developer";
				COPY_PHASE_STRIP = NO;
				DEBUG_INFORMATION_FORMAT = dwarf;
				ENABLE_STRICT_OBJC_MSGSEND = YES;
				ENABLE_TESTABILITY = YES;
				GCC_C_LANGUAGE_STANDARD = gnu11;
				GCC_DYNAMIC_NO_PIC = NO;
				GCC_NO_COMMON_BLOCKS = YES;
				GCC_OPTIMIZATION_LEVEL = 0;
				GCC_PREPROCESSOR_DEFINITIONS = (
					"DEBUG=1",
					"$(inherited)",
				);
				GCC_WARN_64_TO_32_BIT_CONVERSION = YES;
				GCC_WARN_ABOUT_RETURN_TYPE = YES_ERROR;
				GCC_WARN_UNDECLARED_SELECTOR = YES;
				GCC_WARN_UNINITIALIZED_AUTOS = YES_AGGRESSIVE;
				GCC_WARN_UNUSED_FUNCTION = YES;
				GCC_WARN_UNUSED_VARIABLE = YES;
				IPHONEOS_DEPLOYMENT_TARGET = 11.0;
				MTL_ENABLE_DEBUG_INFO = YES;
				ONLY_ACTIVE_ARCH = YES;
				SDKROOT = iphoneos;
				SWIFT_ACTIVE_COMPILATION_CONDITIONS = DEBUG;
				SWIFT_OPTIMIZATION_LEVEL = "-Onone";
			};
			name = Debug;
		};
		E172D65B1FBF9CFB0029B044 /* Release */ = {
			isa = XCBuildConfiguration;
			buildSettings = {
				ALWAYS_SEARCH_USER_PATHS = NO;
				CLANG_ANALYZER_NONNULL = YES;
				CLANG_ANALYZER_NUMBER_OBJECT_CONVERSION = YES_AGGRESSIVE;
				CLANG_CXX_LANGUAGE_STANDARD = "gnu++14";
				CLANG_CXX_LIBRARY = "libc++";
				CLANG_ENABLE_MODULES = YES;
				CLANG_ENABLE_OBJC_ARC = YES;
				CLANG_WARN_BLOCK_CAPTURE_AUTORELEASING = YES;
				CLANG_WARN_BOOL_CONVERSION = YES;
				CLANG_WARN_COMMA = YES;
				CLANG_WARN_CONSTANT_CONVERSION = YES;
				CLANG_WARN_DIRECT_OBJC_ISA_USAGE = YES_ERROR;
				CLANG_WARN_DOCUMENTATION_COMMENTS = YES;
				CLANG_WARN_EMPTY_BODY = YES;
				CLANG_WARN_ENUM_CONVERSION = YES;
				CLANG_WARN_INFINITE_RECURSION = YES;
				CLANG_WARN_INT_CONVERSION = YES;
				CLANG_WARN_NON_LITERAL_NULL_CONVERSION = YES;
				CLANG_WARN_OBJC_LITERAL_CONVERSION = YES;
				CLANG_WARN_OBJC_ROOT_CLASS = YES_ERROR;
				CLANG_WARN_RANGE_LOOP_ANALYSIS = YES;
				CLANG_WARN_STRICT_PROTOTYPES = YES;
				CLANG_WARN_SUSPICIOUS_MOVE = YES;
				CLANG_WARN_UNGUARDED_AVAILABILITY = YES_AGGRESSIVE;
				CLANG_WARN_UNREACHABLE_CODE = YES;
				CLANG_WARN__DUPLICATE_METHOD_MATCH = YES;
				CODE_SIGN_IDENTITY = "iPhone Developer";
				COPY_PHASE_STRIP = NO;
				DEBUG_INFORMATION_FORMAT = "dwarf-with-dsym";
				ENABLE_NS_ASSERTIONS = NO;
				ENABLE_STRICT_OBJC_MSGSEND = YES;
				GCC_C_LANGUAGE_STANDARD = gnu11;
				GCC_NO_COMMON_BLOCKS = YES;
				GCC_WARN_64_TO_32_BIT_CONVERSION = YES;
				GCC_WARN_ABOUT_RETURN_TYPE = YES_ERROR;
				GCC_WARN_UNDECLARED_SELECTOR = YES;
				GCC_WARN_UNINITIALIZED_AUTOS = YES_AGGRESSIVE;
				GCC_WARN_UNUSED_FUNCTION = YES;
				GCC_WARN_UNUSED_VARIABLE = YES;
				IPHONEOS_DEPLOYMENT_TARGET = 11.0;
				MTL_ENABLE_DEBUG_INFO = NO;
				SDKROOT = iphoneos;
				SWIFT_OPTIMIZATION_LEVEL = "-Owholemodule";
				VALIDATE_PRODUCT = YES;
			};
			name = Release;
		};
		E172D65D1FBF9CFB0029B044 /* Debug */ = {
			isa = XCBuildConfiguration;
			baseConfigurationReference = 79C6AF335A886C6980EA2ECB /* Pods-Flix.debug.xcconfig */;
			buildSettings = {
				ASSETCATALOG_COMPILER_APPICON_NAME = AppIcon;
				CODE_SIGN_STYLE = Automatic;
				DEVELOPMENT_TEAM = ZN853SAZBE;
				INFOPLIST_FILE = Flix/Info.plist;
				LD_RUNPATH_SEARCH_PATHS = "$(inherited) @executable_path/Frameworks";
				PRODUCT_BUNDLE_IDENTIFIER = com.singh422.Flix;
				PRODUCT_NAME = "$(TARGET_NAME)";
				SWIFT_VERSION = 4.0;
				TARGETED_DEVICE_FAMILY = "1,2";
			};
			name = Debug;
		};
		E172D65E1FBF9CFB0029B044 /* Release */ = {
			isa = XCBuildConfiguration;
			baseConfigurationReference = 9CB83EA968F18BB7F66F34F8 /* Pods-Flix.release.xcconfig */;
			buildSettings = {
				ASSETCATALOG_COMPILER_APPICON_NAME = AppIcon;
				CODE_SIGN_STYLE = Automatic;
				DEVELOPMENT_TEAM = ZN853SAZBE;
				INFOPLIST_FILE = Flix/Info.plist;
				LD_RUNPATH_SEARCH_PATHS = "$(inherited) @executable_path/Frameworks";
				PRODUCT_BUNDLE_IDENTIFIER = com.singh422.Flix;
				PRODUCT_NAME = "$(TARGET_NAME)";
				SWIFT_VERSION = 4.0;
				TARGETED_DEVICE_FAMILY = "1,2";
			};
			name = Release;
		};
/* End XCBuildConfiguration section */

/* Begin XCConfigurationList section */
		E172D6451FBF9CFB0029B044 /* Build configuration list for PBXProject "Flix" */ = {
			isa = XCConfigurationList;
			buildConfigurations = (
				E172D65A1FBF9CFB0029B044 /* Debug */,
				E172D65B1FBF9CFB0029B044 /* Release */,
			);
			defaultConfigurationIsVisible = 0;
			defaultConfigurationName = Release;
		};
		E172D65C1FBF9CFB0029B044 /* Build configuration list for PBXNativeTarget "Flix" */ = {
			isa = XCConfigurationList;
			buildConfigurations = (
				E172D65D1FBF9CFB0029B044 /* Debug */,
				E172D65E1FBF9CFB0029B044 /* Release */,
			);
			defaultConfigurationIsVisible = 0;
			defaultConfigurationName = Release;
		};
/* End XCConfigurationList section */
	};
	rootObject = E172D6421FBF9CFB0029B044 /* Project object */;
}
